// !$*UTF8*$!
{
	archiveVersion = 1;
	classes = {
	};
	objectVersion = 55;
	objects = {

/* Begin PBXBuildFile section */
		50F15A0A1858EB226DB713A5 /* Pods_TestProject.framework in Frameworks */ = {isa = PBXBuildFile; fileRef = 64DCDB2155306F041532BC15 /* Pods_TestProject.framework */; };
		E86997E027E1D6ED004B5653 /* NetworkManager.swift in Sources */ = {isa = PBXBuildFile; fileRef = E86997DF27E1D6ED004B5653 /* NetworkManager.swift */; };
		E87B5FC727E171330068A3DE /* ActionClass.swift in Sources */ = {isa = PBXBuildFile; fileRef = E87B5FC627E171330068A3DE /* ActionClass.swift */; };
		E87B5FCA27E1725A0068A3DE /* Coordinator.swift in Sources */ = {isa = PBXBuildFile; fileRef = E87B5FC927E1725A0068A3DE /* Coordinator.swift */; };
		E87B5FD227E7C7F20068A3DE /* LoMat.swift in Sources */ = {isa = PBXBuildFile; fileRef = E87B5FD127E7C7F20068A3DE /* LoMat.swift */; };
		E87B5FD427E7C8110068A3DE /* workflow.json in Resources */ = {isa = PBXBuildFile; fileRef = E87B5FD327E7C8110068A3DE /* workflow.json */; };
		E87B5FD727E7C8490068A3DE /* ExtensionViewController.swift in Sources */ = {isa = PBXBuildFile; fileRef = E87B5FD627E7C8490068A3DE /* ExtensionViewController.swift */; };
		E8D1E5A027E135F000C009D1 /* AppDelegate.swift in Sources */ = {isa = PBXBuildFile; fileRef = E8D1E59F27E135F000C009D1 /* AppDelegate.swift */; };
		E8D1E5A227E135F000C009D1 /* SceneDelegate.swift in Sources */ = {isa = PBXBuildFile; fileRef = E8D1E5A127E135F000C009D1 /* SceneDelegate.swift */; };
		E8D1E5A427E135F000C009D1 /* ViewController.swift in Sources */ = {isa = PBXBuildFile; fileRef = E8D1E5A327E135F000C009D1 /* ViewController.swift */; };
		E8D1E5A727E135F000C009D1 /* Main.storyboard in Resources */ = {isa = PBXBuildFile; fileRef = E8D1E5A527E135F000C009D1 /* Main.storyboard */; };
		E8D1E5A927E135F200C009D1 /* Assets.xcassets in Resources */ = {isa = PBXBuildFile; fileRef = E8D1E5A827E135F200C009D1 /* Assets.xcassets */; };
		E8D1E5AC27E135F200C009D1 /* LaunchScreen.storyboard in Resources */ = {isa = PBXBuildFile; fileRef = E8D1E5AA27E135F200C009D1 /* LaunchScreen.storyboard */; };
		E8D1E5B527E136BA00C009D1 /* CustomTitleLabel.swift in Sources */ = {isa = PBXBuildFile; fileRef = E8D1E5B427E136BA00C009D1 /* CustomTitleLabel.swift */; };
		E8D1E5B727E1371000C009D1 /* CustomSubtitleLabel.swift in Sources */ = {isa = PBXBuildFile; fileRef = E8D1E5B627E1371000C009D1 /* CustomSubtitleLabel.swift */; };
		E8D1E5BC27E1376F00C009D1 /* CustomButton.swift in Sources */ = {isa = PBXBuildFile; fileRef = E8D1E5BB27E1376F00C009D1 /* CustomButton.swift */; };
		E8D1E5BE27E137C800C009D1 /* Checking.swift in Sources */ = {isa = PBXBuildFile; fileRef = E8D1E5BD27E137C800C009D1 /* Checking.swift */; };
/* End PBXBuildFile section */

/* Begin PBXFileReference section */
		64DCDB2155306F041532BC15 /* Pods_TestProject.framework */ = {isa = PBXFileReference; explicitFileType = wrapper.framework; includeInIndex = 0; path = Pods_TestProject.framework; sourceTree = BUILT_PRODUCTS_DIR; };
		78B70F0C94E3D288D2A37937 /* Pods-TestProject.release.xcconfig */ = {isa = PBXFileReference; includeInIndex = 1; lastKnownFileType = text.xcconfig; name = "Pods-TestProject.release.xcconfig"; path = "Target Support Files/Pods-TestProject/Pods-TestProject.release.xcconfig"; sourceTree = "<group>"; };
		AAD4C6DC31D8B70A37A9A568 /* Pods-TestProject.debug.xcconfig */ = {isa = PBXFileReference; includeInIndex = 1; lastKnownFileType = text.xcconfig; name = "Pods-TestProject.debug.xcconfig"; path = "Target Support Files/Pods-TestProject/Pods-TestProject.debug.xcconfig"; sourceTree = "<group>"; };
		E86997DF27E1D6ED004B5653 /* NetworkManager.swift */ = {isa = PBXFileReference; lastKnownFileType = sourcecode.swift; path = NetworkManager.swift; sourceTree = "<group>"; };
		E87B5FC627E171330068A3DE /* ActionClass.swift */ = {isa = PBXFileReference; lastKnownFileType = sourcecode.swift; path = ActionClass.swift; sourceTree = "<group>"; };
		E87B5FC927E1725A0068A3DE /* Coordinator.swift */ = {isa = PBXFileReference; lastKnownFileType = sourcecode.swift; path = Coordinator.swift; sourceTree = "<group>"; };
		E87B5FD127E7C7F20068A3DE /* LoMat.swift */ = {isa = PBXFileReference; lastKnownFileType = sourcecode.swift; path = LoMat.swift; sourceTree = "<group>"; };
		E87B5FD327E7C8110068A3DE /* workflow.json */ = {isa = PBXFileReference; fileEncoding = 4; lastKnownFileType = text.json; path = workflow.json; sourceTree = "<group>"; };
		E87B5FD627E7C8490068A3DE /* ExtensionViewController.swift */ = {isa = PBXFileReference; fileEncoding = 4; lastKnownFileType = sourcecode.swift; path = ExtensionViewController.swift; sourceTree = "<group>"; };
		E8D1E59C27E135F000C009D1 /* TestProject.app */ = {isa = PBXFileReference; explicitFileType = wrapper.application; includeInIndex = 0; path = TestProject.app; sourceTree = BUILT_PRODUCTS_DIR; };
		E8D1E59F27E135F000C009D1 /* AppDelegate.swift */ = {isa = PBXFileReference; lastKnownFileType = sourcecode.swift; path = AppDelegate.swift; sourceTree = "<group>"; };
		E8D1E5A127E135F000C009D1 /* SceneDelegate.swift */ = {isa = PBXFileReference; lastKnownFileType = sourcecode.swift; path = SceneDelegate.swift; sourceTree = "<group>"; };
		E8D1E5A327E135F000C009D1 /* ViewController.swift */ = {isa = PBXFileReference; lastKnownFileType = sourcecode.swift; path = ViewController.swift; sourceTree = "<group>"; };
		E8D1E5A627E135F000C009D1 /* Base */ = {isa = PBXFileReference; lastKnownFileType = file.storyboard; name = Base; path = Base.lproj/Main.storyboard; sourceTree = "<group>"; };
		E8D1E5A827E135F200C009D1 /* Assets.xcassets */ = {isa = PBXFileReference; lastKnownFileType = folder.assetcatalog; path = Assets.xcassets; sourceTree = "<group>"; };
		E8D1E5AB27E135F200C009D1 /* Base */ = {isa = PBXFileReference; lastKnownFileType = file.storyboard; name = Base; path = Base.lproj/LaunchScreen.storyboard; sourceTree = "<group>"; };
		E8D1E5AD27E135F200C009D1 /* Info.plist */ = {isa = PBXFileReference; lastKnownFileType = text.plist.xml; path = Info.plist; sourceTree = "<group>"; };
		E8D1E5B427E136BA00C009D1 /* CustomTitleLabel.swift */ = {isa = PBXFileReference; lastKnownFileType = sourcecode.swift; path = CustomTitleLabel.swift; sourceTree = "<group>"; };
		E8D1E5B627E1371000C009D1 /* CustomSubtitleLabel.swift */ = {isa = PBXFileReference; lastKnownFileType = sourcecode.swift; path = CustomSubtitleLabel.swift; sourceTree = "<group>"; };
		E8D1E5BB27E1376F00C009D1 /* CustomButton.swift */ = {isa = PBXFileReference; lastKnownFileType = sourcecode.swift; path = CustomButton.swift; sourceTree = "<group>"; };
		E8D1E5BD27E137C800C009D1 /* Checking.swift */ = {isa = PBXFileReference; lastKnownFileType = sourcecode.swift; path = Checking.swift; sourceTree = "<group>"; };
/* End PBXFileReference section */

/* Begin PBXFrameworksBuildPhase section */
		E8D1E59927E135F000C009D1 /* Frameworks */ = {
			isa = PBXFrameworksBuildPhase;
			buildActionMask = 2147483647;
			files = (
				50F15A0A1858EB226DB713A5 /* Pods_TestProject.framework in Frameworks */,
			);
			runOnlyForDeploymentPostprocessing = 0;
		};
/* End PBXFrameworksBuildPhase section */

/* Begin PBXGroup section */
		64AA265747B9926F1D8E3083 /* Pods */ = {
			isa = PBXGroup;
			children = (
				AAD4C6DC31D8B70A37A9A568 /* Pods-TestProject.debug.xcconfig */,
				78B70F0C94E3D288D2A37937 /* Pods-TestProject.release.xcconfig */,
			);
			path = Pods;
			sourceTree = "<group>";
		};
		BDD8291D43E00D00054251E8 /* Frameworks */ = {
			isa = PBXGroup;
			children = (
				64DCDB2155306F041532BC15 /* Pods_TestProject.framework */,
			);
			name = Frameworks;
			sourceTree = "<group>";
		};
		E87B5FC527E1711E0068A3DE /* Coordinators */ = {
			isa = PBXGroup;
			children = (
				E87B5FC827E1724E0068A3DE /* New Group */,
				E87B5FC627E171330068A3DE /* ActionClass.swift */,
				E87B5FC927E1725A0068A3DE /* Coordinator.swift */,
			);
			path = Coordinators;
			sourceTree = "<group>";
		};
		E87B5FC827E1724E0068A3DE /* New Group */ = {
			isa = PBXGroup;
			children = (
			);
			path = "New Group";
			sourceTree = "<group>";
		};
		E87B5FCD27E7C7B80068A3DE /* Managers */ = {
			isa = PBXGroup;
			children = (
				E86997DF27E1D6ED004B5653 /* NetworkManager.swift */,
			);
			path = Managers;
			sourceTree = "<group>";
		};
		E87B5FCE27E7C7C00068A3DE /* Screens */ = {
			isa = PBXGroup;
			children = (
				E8D1E5A327E135F000C009D1 /* ViewController.swift */,
			);
			path = Screens;
			sourceTree = "<group>";
		};
		E87B5FCF27E7C7C70068A3DE /* Support */ = {
			isa = PBXGroup;
			children = (
				E8D1E59F27E135F000C009D1 /* AppDelegate.swift */,
				E8D1E5A127E135F000C009D1 /* SceneDelegate.swift */,
			);
			path = Support;
			sourceTree = "<group>";
		};
		E87B5FD027E7C7E50068A3DE /* Model */ = {
			isa = PBXGroup;
			children = (
				E87B5FD127E7C7F20068A3DE /* LoMat.swift */,
				E87B5FD327E7C8110068A3DE /* workflow.json */,
			);
			path = Model;
			sourceTree = "<group>";
		};
		E87B5FD527E7C8490068A3DE /* Utilities */ = {
			isa = PBXGroup;
			children = (
				E87B5FD627E7C8490068A3DE /* ExtensionViewController.swift */,
			);
			path = Utilities;
			sourceTree = "<group>";
		};
		E8D1E59327E135F000C009D1 = {
			isa = PBXGroup;
			children = (
				E8D1E59E27E135F000C009D1 /* TestProject */,
				E8D1E59D27E135F000C009D1 /* Products */,
				64AA265747B9926F1D8E3083 /* Pods */,
				BDD8291D43E00D00054251E8 /* Frameworks */,
			);
			sourceTree = "<group>";
		};
		E8D1E59D27E135F000C009D1 /* Products */ = {
			isa = PBXGroup;
			children = (
				E8D1E59C27E135F000C009D1 /* TestProject.app */,
			);
			name = Products;
			sourceTree = "<group>";
		};
		E8D1E59E27E135F000C009D1 /* TestProject */ = {
			isa = PBXGroup;
			children = (
				E87B5FD527E7C8490068A3DE /* Utilities */,
				E87B5FD027E7C7E50068A3DE /* Model */,
				E8D1E5B327E1369900C009D1 /* Components */,
				E87B5FCF27E7C7C70068A3DE /* Support */,
				E87B5FCE27E7C7C00068A3DE /* Screens */,
				E87B5FCD27E7C7B80068A3DE /* Managers */,
				E8D1E5A527E135F000C009D1 /* Main.storyboard */,
				E8D1E5A827E135F200C009D1 /* Assets.xcassets */,
				E8D1E5AA27E135F200C009D1 /* LaunchScreen.storyboard */,
				E8D1E5AD27E135F200C009D1 /* Info.plist */,
			);
			path = TestProject;
			sourceTree = "<group>";
		};
		E8D1E5B327E1369900C009D1 /* Components */ = {
			isa = PBXGroup;
			children = (
				E87B5FC527E1711E0068A3DE /* Coordinators */,
				E8D1E5BA27E1375A00C009D1 /* ViewComponents */,
				E8D1E5B927E1375300C009D1 /* Buttons */,
				E8D1E5B827E1374B00C009D1 /* Labels */,
			);
			path = Components;
			sourceTree = "<group>";
		};
		E8D1E5B827E1374B00C009D1 /* Labels */ = {
			isa = PBXGroup;
			children = (
				E8D1E5B427E136BA00C009D1 /* CustomTitleLabel.swift */,
				E8D1E5B627E1371000C009D1 /* CustomSubtitleLabel.swift */,
			);
			path = Labels;
			sourceTree = "<group>";
		};
		E8D1E5B927E1375300C009D1 /* Buttons */ = {
			isa = PBXGroup;
			children = (
				E8D1E5BB27E1376F00C009D1 /* CustomButton.swift */,
			);
			path = Buttons;
			sourceTree = "<group>";
		};
		E8D1E5BA27E1375A00C009D1 /* ViewComponents */ = {
			isa = PBXGroup;
			children = (
				E8D1E5BD27E137C800C009D1 /* Checking.swift */,
			);
			path = ViewComponents;
			sourceTree = "<group>";
		};
/* End PBXGroup section */

/* Begin PBXNativeTarget section */
		E8D1E59B27E135F000C009D1 /* TestProject */ = {
			isa = PBXNativeTarget;
			buildConfigurationList = E8D1E5B027E135F200C009D1 /* Build configuration list for PBXNativeTarget "TestProject" */;
			buildPhases = (
				E1B5CE57A62D57A7937AFDF2 /* [CP] Check Pods Manifest.lock */,
				E8D1E59827E135F000C009D1 /* Sources */,
				E8D1E59927E135F000C009D1 /* Frameworks */,
				E8D1E59A27E135F000C009D1 /* Resources */,
				2FD3F2A498AA7B524B3BEE03 /* [CP] Embed Pods Frameworks */,
			);
			buildRules = (
			);
			dependencies = (
			);
			name = TestProject;
			productName = TestProject;
			productReference = E8D1E59C27E135F000C009D1 /* TestProject.app */;
			productType = "com.apple.product-type.application";
		};
/* End PBXNativeTarget section */

/* Begin PBXProject section */
		E8D1E59427E135F000C009D1 /* Project object */ = {
			isa = PBXProject;
			attributes = {
				BuildIndependentTargetsInParallel = 1;
				LastSwiftUpdateCheck = 1330;
				LastUpgradeCheck = 1330;
				TargetAttributes = {
					E8D1E59B27E135F000C009D1 = {
						CreatedOnToolsVersion = 13.3;
					};
				};
			};
			buildConfigurationList = E8D1E59727E135F000C009D1 /* Build configuration list for PBXProject "TestProject" */;
			compatibilityVersion = "Xcode 13.0";
			developmentRegion = en;
			hasScannedForEncodings = 0;
			knownRegions = (
				en,
				Base,
			);
			mainGroup = E8D1E59327E135F000C009D1;
			productRefGroup = E8D1E59D27E135F000C009D1 /* Products */;
			projectDirPath = "";
			projectRoot = "";
			targets = (
				E8D1E59B27E135F000C009D1 /* TestProject */,
			);
		};
/* End PBXProject section */

/* Begin PBXResourcesBuildPhase section */
		E8D1E59A27E135F000C009D1 /* Resources */ = {
			isa = PBXResourcesBuildPhase;
			buildActionMask = 2147483647;
			files = (
				E87B5FD427E7C8110068A3DE /* workflow.json in Resources */,
				E8D1E5AC27E135F200C009D1 /* LaunchScreen.storyboard in Resources */,
				E8D1E5A927E135F200C009D1 /* Assets.xcassets in Resources */,
				E8D1E5A727E135F000C009D1 /* Main.storyboard in Resources */,
			);
			runOnlyForDeploymentPostprocessing = 0;
		};
/* End PBXResourcesBuildPhase section */

/* Begin PBXShellScriptBuildPhase section */
		2FD3F2A498AA7B524B3BEE03 /* [CP] Embed Pods Frameworks */ = {
			isa = PBXShellScriptBuildPhase;
			buildActionMask = 2147483647;
			files = (
			);
			inputFileListPaths = (
				"${PODS_ROOT}/Target Support Files/Pods-TestProject/Pods-TestProject-frameworks-${CONFIGURATION}-input-files.xcfilelist",
			);
			name = "[CP] Embed Pods Frameworks";
			outputFileListPaths = (
				"${PODS_ROOT}/Target Support Files/Pods-TestProject/Pods-TestProject-frameworks-${CONFIGURATION}-output-files.xcfilelist",
			);
			runOnlyForDeploymentPostprocessing = 0;
			shellPath = /bin/sh;
			shellScript = "\"${PODS_ROOT}/Target Support Files/Pods-TestProject/Pods-TestProject-frameworks.sh\"\n";
			showEnvVarsInLog = 0;
		};
		E1B5CE57A62D57A7937AFDF2 /* [CP] Check Pods Manifest.lock */ = {
			isa = PBXShellScriptBuildPhase;
			buildActionMask = 2147483647;
			files = (
			);
			inputFileListPaths = (
			);
			inputPaths = (
				"${PODS_PODFILE_DIR_PATH}/Podfile.lock",
				"${PODS_ROOT}/Manifest.lock",
			);
			name = "[CP] Check Pods Manifest.lock";
			outputFileListPaths = (
			);
			outputPaths = (
				"$(DERIVED_FILE_DIR)/Pods-TestProject-checkManifestLockResult.txt",
			);
			runOnlyForDeploymentPostprocessing = 0;
			shellPath = /bin/sh;
			shellScript = "diff \"${PODS_PODFILE_DIR_PATH}/Podfile.lock\" \"${PODS_ROOT}/Manifest.lock\" > /dev/null\nif [ $? != 0 ] ; then\n    # print error to STDERR\n    echo \"error: The sandbox is not in sync with the Podfile.lock. Run 'pod install' or update your CocoaPods installation.\" >&2\n    exit 1\nfi\n# This output is used by Xcode 'outputs' to avoid re-running this script phase.\necho \"SUCCESS\" > \"${SCRIPT_OUTPUT_FILE_0}\"\n";
			showEnvVarsInLog = 0;
		};
/* End PBXShellScriptBuildPhase section */

/* Begin PBXSourcesBuildPhase section */
		E8D1E59827E135F000C009D1 /* Sources */ = {
			isa = PBXSourcesBuildPhase;
			buildActionMask = 2147483647;
			files = (
				E87B5FC727E171330068A3DE /* ActionClass.swift in Sources */,
				E8D1E5A427E135F000C009D1 /* ViewController.swift in Sources */,
				E86997E027E1D6ED004B5653 /* NetworkManager.swift in Sources */,
				E8D1E5A027E135F000C009D1 /* AppDelegate.swift in Sources */,
				E8D1E5BC27E1376F00C009D1 /* CustomButton.swift in Sources */,
				E8D1E5BE27E137C800C009D1 /* Checking.swift in Sources */,
				E8D1E5A227E135F000C009D1 /* SceneDelegate.swift in Sources */,
				E8D1E5B527E136BA00C009D1 /* CustomTitleLabel.swift in Sources */,
				E8D1E5B727E1371000C009D1 /* CustomSubtitleLabel.swift in Sources */,
				E87B5FCA27E1725A0068A3DE /* Coordinator.swift in Sources */,
				E87B5FD727E7C8490068A3DE /* ExtensionViewController.swift in Sources */,
				E87B5FD227E7C7F20068A3DE /* LoMat.swift in Sources */,
			);
			runOnlyForDeploymentPostprocessing = 0;
		};
/* End PBXSourcesBuildPhase section */

/* Begin PBXVariantGroup section */
		E8D1E5A527E135F000C009D1 /* Main.storyboard */ = {
			isa = PBXVariantGroup;
			children = (
				E8D1E5A627E135F000C009D1 /* Base */,
			);
			name = Main.storyboard;
			sourceTree = "<group>";
		};
		E8D1E5AA27E135F200C009D1 /* LaunchScreen.storyboard */ = {
			isa = PBXVariantGroup;
			children = (
				E8D1E5AB27E135F200C009D1 /* Base */,
			);
			name = LaunchScreen.storyboard;
			sourceTree = "<group>";
		};
/* End PBXVariantGroup section */

/* Begin XCBuildConfiguration section */
		E8D1E5AE27E135F200C009D1 /* Debug */ = {
			isa = XCBuildConfiguration;
			buildSettings = {
				ALWAYS_SEARCH_USER_PATHS = NO;
				CLANG_ANALYZER_NONNULL = YES;
				CLANG_ANALYZER_NUMBER_OBJECT_CONVERSION = YES_AGGRESSIVE;
				CLANG_CXX_LANGUAGE_STANDARD = "gnu++17";
				CLANG_ENABLE_MODULES = YES;
				CLANG_ENABLE_OBJC_ARC = YES;
				CLANG_ENABLE_OBJC_WEAK = YES;
				CLANG_WARN_BLOCK_CAPTURE_AUTORELEASING = YES;
				CLANG_WARN_BOOL_CONVERSION = YES;
				CLANG_WARN_COMMA = YES;
				CLANG_WARN_CONSTANT_CONVERSION = YES;
				CLANG_WARN_DEPRECATED_OBJC_IMPLEMENTATIONS = YES;
				CLANG_WARN_DIRECT_OBJC_ISA_USAGE = YES_ERROR;
				CLANG_WARN_DOCUMENTATION_COMMENTS = YES;
				CLANG_WARN_EMPTY_BODY = YES;
				CLANG_WARN_ENUM_CONVERSION = YES;
				CLANG_WARN_INFINITE_RECURSION = YES;
				CLANG_WARN_INT_CONVERSION = YES;
				CLANG_WARN_NON_LITERAL_NULL_CONVERSION = YES;
				CLANG_WARN_OBJC_IMPLICIT_RETAIN_SELF = YES;
				CLANG_WARN_OBJC_LITERAL_CONVERSION = YES;
				CLANG_WARN_OBJC_ROOT_CLASS = YES_ERROR;
				CLANG_WARN_QUOTED_INCLUDE_IN_FRAMEWORK_HEADER = YES;
				CLANG_WARN_RANGE_LOOP_ANALYSIS = YES;
				CLANG_WARN_STRICT_PROTOTYPES = YES;
				CLANG_WARN_SUSPICIOUS_MOVE = YES;
				CLANG_WARN_UNGUARDED_AVAILABILITY = YES_AGGRESSIVE;
				CLANG_WARN_UNREACHABLE_CODE = YES;
				CLANG_WARN__DUPLICATE_METHOD_MATCH = YES;
				COPY_PHASE_STRIP = NO;
				DEBUG_INFORMATION_FORMAT = dwarf;
				ENABLE_STRICT_OBJC_MSGSEND = YES;
				ENABLE_TESTABILITY = YES;
				GCC_C_LANGUAGE_STANDARD = gnu11;
				GCC_DYNAMIC_NO_PIC = NO;
				GCC_NO_COMMON_BLOCKS = YES;
				GCC_OPTIMIZATION_LEVEL = 0;
				GCC_PREPROCESSOR_DEFINITIONS = (
					"DEBUG=1",
					"$(inherited)",
				);
				GCC_WARN_64_TO_32_BIT_CONVERSION = YES;
				GCC_WARN_ABOUT_RETURN_TYPE = YES_ERROR;
				GCC_WARN_UNDECLARED_SELECTOR = YES;
				GCC_WARN_UNINITIALIZED_AUTOS = YES_AGGRESSIVE;
				GCC_WARN_UNUSED_FUNCTION = YES;
				GCC_WARN_UNUSED_VARIABLE = YES;
				IPHONEOS_DEPLOYMENT_TARGET = 14.0;
				MTL_ENABLE_DEBUG_INFO = INCLUDE_SOURCE;
				MTL_FAST_MATH = YES;
				ONLY_ACTIVE_ARCH = YES;
				SDKROOT = iphoneos;
				SWIFT_ACTIVE_COMPILATION_CONDITIONS = DEBUG;
				SWIFT_OPTIMIZATION_LEVEL = "-Onone";
			};
			name = Debug;
		};
		E8D1E5AF27E135F200C009D1 /* Release */ = {
			isa = XCBuildConfiguration;
			buildSettings = {
				ALWAYS_SEARCH_USER_PATHS = NO;
				CLANG_ANALYZER_NONNULL = YES;
				CLANG_ANALYZER_NUMBER_OBJECT_CONVERSION = YES_AGGRESSIVE;
				CLANG_CXX_LANGUAGE_STANDARD = "gnu++17";
				CLANG_ENABLE_MODULES = YES;
				CLANG_ENABLE_OBJC_ARC = YES;
				CLANG_ENABLE_OBJC_WEAK = YES;
				CLANG_WARN_BLOCK_CAPTURE_AUTORELEASING = YES;
				CLANG_WARN_BOOL_CONVERSION = YES;
				CLANG_WARN_COMMA = YES;
				CLANG_WARN_CONSTANT_CONVERSION = YES;
				CLANG_WARN_DEPRECATED_OBJC_IMPLEMENTATIONS = YES;
				CLANG_WARN_DIRECT_OBJC_ISA_USAGE = YES_ERROR;
				CLANG_WARN_DOCUMENTATION_COMMENTS = YES;
				CLANG_WARN_EMPTY_BODY = YES;
				CLANG_WARN_ENUM_CONVERSION = YES;
				CLANG_WARN_INFINITE_RECURSION = YES;
				CLANG_WARN_INT_CONVERSION = YES;
				CLANG_WARN_NON_LITERAL_NULL_CONVERSION = YES;
				CLANG_WARN_OBJC_IMPLICIT_RETAIN_SELF = YES;
				CLANG_WARN_OBJC_LITERAL_CONVERSION = YES;
				CLANG_WARN_OBJC_ROOT_CLASS = YES_ERROR;
				CLANG_WARN_QUOTED_INCLUDE_IN_FRAMEWORK_HEADER = YES;
				CLANG_WARN_RANGE_LOOP_ANALYSIS = YES;
				CLANG_WARN_STRICT_PROTOTYPES = YES;
				CLANG_WARN_SUSPICIOUS_MOVE = YES;
				CLANG_WARN_UNGUARDED_AVAILABILITY = YES_AGGRESSIVE;
				CLANG_WARN_UNREACHABLE_CODE = YES;
				CLANG_WARN__DUPLICATE_METHOD_MATCH = YES;
				COPY_PHASE_STRIP = NO;
				DEBUG_INFORMATION_FORMAT = "dwarf-with-dsym";
				ENABLE_NS_ASSERTIONS = NO;
				ENABLE_STRICT_OBJC_MSGSEND = YES;
				GCC_C_LANGUAGE_STANDARD = gnu11;
				GCC_NO_COMMON_BLOCKS = YES;
				GCC_WARN_64_TO_32_BIT_CONVERSION = YES;
				GCC_WARN_ABOUT_RETURN_TYPE = YES_ERROR;
				GCC_WARN_UNDECLARED_SELECTOR = YES;
				GCC_WARN_UNINITIALIZED_AUTOS = YES_AGGRESSIVE;
				GCC_WARN_UNUSED_FUNCTION = YES;
				GCC_WARN_UNUSED_VARIABLE = YES;
				IPHONEOS_DEPLOYMENT_TARGET = 14.0;
				MTL_ENABLE_DEBUG_INFO = NO;
				MTL_FAST_MATH = YES;
				SDKROOT = iphoneos;
				SWIFT_COMPILATION_MODE = wholemodule;
				SWIFT_OPTIMIZATION_LEVEL = "-O";
				VALIDATE_PRODUCT = YES;
			};
			name = Release;
		};
		E8D1E5B127E135F200C009D1 /* Debug */ = {
			isa = XCBuildConfiguration;
			baseConfigurationReference = AAD4C6DC31D8B70A37A9A568 /* Pods-TestProject.debug.xcconfig */;
			buildSettings = {
				ASSETCATALOG_COMPILER_APPICON_NAME = AppIcon;
				ASSETCATALOG_COMPILER_GLOBAL_ACCENT_COLOR_NAME = AccentColor;
				CODE_SIGN_STYLE = Automatic;
				CURRENT_PROJECT_VERSION = 1;
				DEVELOPMENT_TEAM = WCYKWTBZ5Q;
				GENERATE_INFOPLIST_FILE = YES;
				INFOPLIST_FILE = TestProject/Info.plist;
				INFOPLIST_KEY_UIApplicationSupportsIndirectInputEvents = YES;
				INFOPLIST_KEY_UILaunchStoryboardName = LaunchScreen;
				INFOPLIST_KEY_UIMainStoryboardFile = Main;
				INFOPLIST_KEY_UISupportedInterfaceOrientations_iPad = "UIInterfaceOrientationPortrait UIInterfaceOrientationPortraitUpsideDown UIInterfaceOrientationLandscapeLeft UIInterfaceOrientationLandscapeRight";
				INFOPLIST_KEY_UISupportedInterfaceOrientations_iPhone = "UIInterfaceOrientationPortrait UIInterfaceOrientationLandscapeLeft UIInterfaceOrientationLandscapeRight";
				LD_RUNPATH_SEARCH_PATHS = (
					"$(inherited)",
					"@executable_path/Frameworks",
				);
				MARKETING_VERSION = 1.0;
				PRODUCT_BUNDLE_IDENTIFIER = com.leandrodiaz.TestProject;
				PRODUCT_NAME = "$(TARGET_NAME)";
				SWIFT_EMIT_LOC_STRINGS = YES;
				SWIFT_VERSION = 5.0;
				TARGETED_DEVICE_FAMILY = "1,2";
			};
			name = Debug;
		};
		E8D1E5B227E135F200C009D1 /* Release */ = {
			isa = XCBuildConfiguration;
			baseConfigurationReference = 78B70F0C94E3D288D2A37937 /* Pods-TestProject.release.xcconfig */;
			buildSettings = {
				ASSETCATALOG_COMPILER_APPICON_NAME = AppIcon;
				ASSETCATALOG_COMPILER_GLOBAL_ACCENT_COLOR_NAME = AccentColor;
				CODE_SIGN_STYLE = Automatic;
				CURRENT_PROJECT_VERSION = 1;
				DEVELOPMENT_TEAM = WCYKWTBZ5Q;
				GENERATE_INFOPLIST_FILE = YES;
				INFOPLIST_FILE = TestProject/Info.plist;
				INFOPLIST_KEY_UIApplicationSupportsIndirectInputEvents = YES;
				INFOPLIST_KEY_UILaunchStoryboardName = LaunchScreen;
				INFOPLIST_KEY_UIMainStoryboardFile = Main;
				INFOPLIST_KEY_UISupportedInterfaceOrientations_iPad = "UIInterfaceOrientationPortrait UIInterfaceOrientationPortraitUpsideDown UIInterfaceOrientationLandscapeLeft UIInterfaceOrientationLandscapeRight";
				INFOPLIST_KEY_UISupportedInterfaceOrientations_iPhone = "UIInterfaceOrientationPortrait UIInterfaceOrientationLandscapeLeft UIInterfaceOrientationLandscapeRight";
				LD_RUNPATH_SEARCH_PATHS = (
					"$(inherited)",
					"@executable_path/Frameworks",
				);
				MARKETING_VERSION = 1.0;
				PRODUCT_BUNDLE_IDENTIFIER = com.leandrodiaz.TestProject;
				PRODUCT_NAME = "$(TARGET_NAME)";
				SWIFT_EMIT_LOC_STRINGS = YES;
				SWIFT_VERSION = 5.0;
				TARGETED_DEVICE_FAMILY = "1,2";
			};
			name = Release;
		};
/* End XCBuildConfiguration section */

/* Begin XCConfigurationList section */
		E8D1E59727E135F000C009D1 /* Build configuration list for PBXProject "TestProject" */ = {
			isa = XCConfigurationList;
			buildConfigurations = (
				E8D1E5AE27E135F200C009D1 /* Debug */,
				E8D1E5AF27E135F200C009D1 /* Release */,
			);
			defaultConfigurationIsVisible = 0;
			defaultConfigurationName = Release;
		};
		E8D1E5B027E135F200C009D1 /* Build configuration list for PBXNativeTarget "TestProject" */ = {
			isa = XCConfigurationList;
			buildConfigurations = (
				E8D1E5B127E135F200C009D1 /* Debug */,
				E8D1E5B227E135F200C009D1 /* Release */,
			);
			defaultConfigurationIsVisible = 0;
			defaultConfigurationName = Release;
		};
/* End XCConfigurationList section */
	};
	rootObject = E8D1E59427E135F000C009D1 /* Project object */;
}
